// !$*UTF8*$!
{
	archiveVersion = 1;
	classes = {
	};
	objectVersion = 55;
	objects = {

/* Begin PBXBuildFile section */
		D024DB212924366B0093CA5B /* SnapshotTesting in Frameworks */ = {isa = PBXBuildFile; productRef = D024DB202924366B0093CA5B /* SnapshotTesting */; };
		D024DB26292525200093CA5B /* RestaurantCellTest.swift in Sources */ = {isa = PBXBuildFile; fileRef = D024DB25292525200093CA5B /* RestaurantCellTest.swift */; };
		D04469CC2922888400D05694 /* AppDelegate.swift in Sources */ = {isa = PBXBuildFile; fileRef = D04469CB2922888400D05694 /* AppDelegate.swift */; };
		D04469CE2922888400D05694 /* SceneDelegate.swift in Sources */ = {isa = PBXBuildFile; fileRef = D04469CD2922888400D05694 /* SceneDelegate.swift */; };
		D04469D02922888400D05694 /* MainViewController.swift in Sources */ = {isa = PBXBuildFile; fileRef = D04469CF2922888400D05694 /* MainViewController.swift */; };
		D04469D52922889200D05694 /* Assets.xcassets in Resources */ = {isa = PBXBuildFile; fileRef = D04469D42922889200D05694 /* Assets.xcassets */; };
		D04469D82922889200D05694 /* LaunchScreen.storyboard in Resources */ = {isa = PBXBuildFile; fileRef = D04469D62922889200D05694 /* LaunchScreen.storyboard */; };
		D04469E32922889900D05694 /* BadgeTest.swift in Sources */ = {isa = PBXBuildFile; fileRef = D04469E22922889900D05694 /* BadgeTest.swift */; };
		D04469FF29228D9700D05694 /* SketchKit in Frameworks */ = {isa = PBXBuildFile; productRef = D04469FE29228D9700D05694 /* SketchKit */; };
		D0446A0129228DB900D05694 /* MainView.swift in Sources */ = {isa = PBXBuildFile; fileRef = D0446A0029228DB900D05694 /* MainView.swift */; };
		D0446A0529228E3D00D05694 /* ViewCodable.swift in Sources */ = {isa = PBXBuildFile; fileRef = D0446A0429228E3D00D05694 /* ViewCodable.swift */; };
		D0446A09292290DE00D05694 /* Images.swift in Sources */ = {isa = PBXBuildFile; fileRef = D0446A08292290DE00D05694 /* Images.swift */; };
		D0446A0B292291A600D05694 /* Colors.swift in Sources */ = {isa = PBXBuildFile; fileRef = D0446A0A292291A600D05694 /* Colors.swift */; };
		D0446A0D2922970400D05694 /* MainViewPresenter.swift in Sources */ = {isa = PBXBuildFile; fileRef = D0446A0C2922970400D05694 /* MainViewPresenter.swift */; };
		D0446A0F2922A1DB00D05694 /* Restaurant.swift in Sources */ = {isa = PBXBuildFile; fileRef = D0446A0E2922A1DB00D05694 /* Restaurant.swift */; };
		D0446A122922A4FE00D05694 /* RestaurantTable.swift in Sources */ = {isa = PBXBuildFile; fileRef = D0446A112922A4FE00D05694 /* RestaurantTable.swift */; };
		D0446A142922A88E00D05694 /* RestaurantCell.swift in Sources */ = {isa = PBXBuildFile; fileRef = D0446A132922A88E00D05694 /* RestaurantCell.swift */; };
		D0446A162922C25200D05694 /* Fonts.swift in Sources */ = {isa = PBXBuildFile; fileRef = D0446A152922C25100D05694 /* Fonts.swift */; };
		D0446A182922C55E00D05694 /* Badge.swift in Sources */ = {isa = PBXBuildFile; fileRef = D0446A172922C55E00D05694 /* Badge.swift */; };
		D0446A1B2922F40D00D05694 /* RestaurantService.swift in Sources */ = {isa = PBXBuildFile; fileRef = D0446A1A2922F40D00D05694 /* RestaurantService.swift */; };
		D0446A1D2922F45F00D05694 /* Routable.swift in Sources */ = {isa = PBXBuildFile; fileRef = D0446A1C2922F45F00D05694 /* Routable.swift */; };
		D0446A212922F73100D05694 /* NetworkManager.swift in Sources */ = {isa = PBXBuildFile; fileRef = D0446A202922F73100D05694 /* NetworkManager.swift */; };
/* End PBXBuildFile section */

/* Begin PBXContainerItemProxy section */
		D04469DF2922889900D05694 /* PBXContainerItemProxy */ = {
			isa = PBXContainerItemProxy;
			containerPortal = D04469C02922888400D05694 /* Project object */;
			proxyType = 1;
			remoteGlobalIDString = D04469C72922888400D05694;
			remoteInfo = TheLittleFork;
		};
/* End PBXContainerItemProxy section */

/* Begin PBXFileReference section */
		D012D0082923FA78007F8F4E /* XCTest.framework */ = {isa = PBXFileReference; lastKnownFileType = wrapper.framework; name = XCTest.framework; path = Platforms/iPhoneOS.platform/Developer/Library/Frameworks/XCTest.framework; sourceTree = DEVELOPER_DIR; };
		D024DB25292525200093CA5B /* RestaurantCellTest.swift */ = {isa = PBXFileReference; lastKnownFileType = sourcecode.swift; path = RestaurantCellTest.swift; sourceTree = "<group>"; };
		D04469C82922888400D05694 /* TheLittleFork.app */ = {isa = PBXFileReference; explicitFileType = wrapper.application; includeInIndex = 0; path = TheLittleFork.app; sourceTree = BUILT_PRODUCTS_DIR; };
		D04469CB2922888400D05694 /* AppDelegate.swift */ = {isa = PBXFileReference; lastKnownFileType = sourcecode.swift; path = AppDelegate.swift; sourceTree = "<group>"; };
		D04469CD2922888400D05694 /* SceneDelegate.swift */ = {isa = PBXFileReference; lastKnownFileType = sourcecode.swift; path = SceneDelegate.swift; sourceTree = "<group>"; };
		D04469CF2922888400D05694 /* MainViewController.swift */ = {isa = PBXFileReference; lastKnownFileType = sourcecode.swift; path = MainViewController.swift; sourceTree = "<group>"; };
		D04469D42922889200D05694 /* Assets.xcassets */ = {isa = PBXFileReference; lastKnownFileType = folder.assetcatalog; path = Assets.xcassets; sourceTree = "<group>"; };
		D04469D72922889200D05694 /* Base */ = {isa = PBXFileReference; lastKnownFileType = file.storyboard; name = Base; path = Base.lproj/LaunchScreen.storyboard; sourceTree = "<group>"; };
		D04469D92922889200D05694 /* Info.plist */ = {isa = PBXFileReference; lastKnownFileType = text.plist.xml; path = Info.plist; sourceTree = "<group>"; };
		D04469DE2922889900D05694 /* TheLittleForkTests.xctest */ = {isa = PBXFileReference; explicitFileType = wrapper.cfbundle; includeInIndex = 0; path = TheLittleForkTests.xctest; sourceTree = BUILT_PRODUCTS_DIR; };
		D04469E22922889900D05694 /* BadgeTest.swift */ = {isa = PBXFileReference; lastKnownFileType = sourcecode.swift; path = BadgeTest.swift; sourceTree = "<group>"; };
		D0446A0029228DB900D05694 /* MainView.swift */ = {isa = PBXFileReference; lastKnownFileType = sourcecode.swift; path = MainView.swift; sourceTree = "<group>"; };
		D0446A0429228E3D00D05694 /* ViewCodable.swift */ = {isa = PBXFileReference; lastKnownFileType = sourcecode.swift; path = ViewCodable.swift; sourceTree = "<group>"; };
		D0446A08292290DE00D05694 /* Images.swift */ = {isa = PBXFileReference; lastKnownFileType = sourcecode.swift; path = Images.swift; sourceTree = "<group>"; };
		D0446A0A292291A600D05694 /* Colors.swift */ = {isa = PBXFileReference; lastKnownFileType = sourcecode.swift; path = Colors.swift; sourceTree = "<group>"; };
		D0446A0C2922970400D05694 /* MainViewPresenter.swift */ = {isa = PBXFileReference; lastKnownFileType = sourcecode.swift; path = MainViewPresenter.swift; sourceTree = "<group>"; };
		D0446A0E2922A1DB00D05694 /* Restaurant.swift */ = {isa = PBXFileReference; lastKnownFileType = sourcecode.swift; path = Restaurant.swift; sourceTree = "<group>"; };
		D0446A112922A4FE00D05694 /* RestaurantTable.swift */ = {isa = PBXFileReference; lastKnownFileType = sourcecode.swift; path = RestaurantTable.swift; sourceTree = "<group>"; };
		D0446A132922A88E00D05694 /* RestaurantCell.swift */ = {isa = PBXFileReference; lastKnownFileType = sourcecode.swift; path = RestaurantCell.swift; sourceTree = "<group>"; };
		D0446A152922C25100D05694 /* Fonts.swift */ = {isa = PBXFileReference; lastKnownFileType = sourcecode.swift; path = Fonts.swift; sourceTree = "<group>"; };
		D0446A172922C55E00D05694 /* Badge.swift */ = {isa = PBXFileReference; lastKnownFileType = sourcecode.swift; path = Badge.swift; sourceTree = "<group>"; };
		D0446A1A2922F40D00D05694 /* RestaurantService.swift */ = {isa = PBXFileReference; lastKnownFileType = sourcecode.swift; path = RestaurantService.swift; sourceTree = "<group>"; };
		D0446A1C2922F45F00D05694 /* Routable.swift */ = {isa = PBXFileReference; lastKnownFileType = sourcecode.swift; path = Routable.swift; sourceTree = "<group>"; };
		D0446A202922F73100D05694 /* NetworkManager.swift */ = {isa = PBXFileReference; lastKnownFileType = sourcecode.swift; path = NetworkManager.swift; sourceTree = "<group>"; };
/* End PBXFileReference section */

/* Begin PBXFrameworksBuildPhase section */
		D04469C52922888400D05694 /* Frameworks */ = {
			isa = PBXFrameworksBuildPhase;
			buildActionMask = 2147483647;
			files = (
				D04469FF29228D9700D05694 /* SketchKit in Frameworks */,
			);
			runOnlyForDeploymentPostprocessing = 0;
		};
		D04469DB2922889900D05694 /* Frameworks */ = {
			isa = PBXFrameworksBuildPhase;
			buildActionMask = 2147483647;
			files = (
				D024DB212924366B0093CA5B /* SnapshotTesting in Frameworks */,
			);
			runOnlyForDeploymentPostprocessing = 0;
		};
/* End PBXFrameworksBuildPhase section */

/* Begin PBXGroup section */
		D012D0072923FA78007F8F4E /* Frameworks */ = {
			isa = PBXGroup;
			children = (
				D012D0082923FA78007F8F4E /* XCTest.framework */,
			);
			name = Frameworks;
			sourceTree = "<group>";
		};
		D024DB222924368A0093CA5B /* Components */ = {
			isa = PBXGroup;
			children = (
				D04469E22922889900D05694 /* BadgeTest.swift */,
				D024DB25292525200093CA5B /* RestaurantCellTest.swift */,
			);
			path = Components;
			sourceTree = "<group>";
		};
		D024DB23292524140093CA5B /* MainView */ = {
			isa = PBXGroup;
			children = (
				D04469CF2922888400D05694 /* MainViewController.swift */,
				D0446A0029228DB900D05694 /* MainView.swift */,
				D0446A0C2922970400D05694 /* MainViewPresenter.swift */,
			);
			path = MainView;
			sourceTree = "<group>";
		};
		D024DB24292524270093CA5B /* Models */ = {
			isa = PBXGroup;
			children = (
				D0446A0E2922A1DB00D05694 /* Restaurant.swift */,
			);
			path = Models;
			sourceTree = "<group>";
		};
		D04469BF2922888400D05694 = {
			isa = PBXGroup;
			children = (
				D04469CA2922888400D05694 /* TheLittleFork */,
				D04469E12922889900D05694 /* TheLittleForkTests */,
				D04469C92922888400D05694 /* Products */,
				D012D0072923FA78007F8F4E /* Frameworks */,
			);
			sourceTree = "<group>";
		};
		D04469C92922888400D05694 /* Products */ = {
			isa = PBXGroup;
			children = (
				D04469C82922888400D05694 /* TheLittleFork.app */,
				D04469DE2922889900D05694 /* TheLittleForkTests.xctest */,
			);
			name = Products;
			sourceTree = "<group>";
		};
		D04469CA2922888400D05694 /* TheLittleFork */ = {
			isa = PBXGroup;
			children = (
				D0446A192922F3E600D05694 /* Service */,
				D0446A102922A4F000D05694 /* Components */,
				D04469FB29228B2400D05694 /* Commons */,
				D0446A0329228E2600D05694 /* Utils */,
				D0446A0229228DF000D05694 /* Extensions */,
				D04469FC29228C4B00D05694 /* Views */,
				D04469D92922889200D05694 /* Info.plist */,
			);
			path = TheLittleFork;
			sourceTree = "<group>";
		};
		D04469E12922889900D05694 /* TheLittleForkTests */ = {
			isa = PBXGroup;
			children = (
				D024DB222924368A0093CA5B /* Components */,
			);
			path = TheLittleForkTests;
			sourceTree = "<group>";
		};
		D04469FB29228B2400D05694 /* Commons */ = {
			isa = PBXGroup;
			children = (
				D024DB24292524270093CA5B /* Models */,
				D04469D62922889200D05694 /* LaunchScreen.storyboard */,
				D04469D42922889200D05694 /* Assets.xcassets */,
				D04469CB2922888400D05694 /* AppDelegate.swift */,
				D04469CD2922888400D05694 /* SceneDelegate.swift */,
			);
			path = Commons;
			sourceTree = "<group>";
		};
		D04469FC29228C4B00D05694 /* Views */ = {
			isa = PBXGroup;
			children = (
				D024DB23292524140093CA5B /* MainView */,
			);
			path = Views;
			sourceTree = "<group>";
		};
		D0446A0229228DF000D05694 /* Extensions */ = {
			isa = PBXGroup;
			children = (
			);
			path = Extensions;
			sourceTree = "<group>";
		};
		D0446A0329228E2600D05694 /* Utils */ = {
			isa = PBXGroup;
			children = (
				D0446A0429228E3D00D05694 /* ViewCodable.swift */,
				D0446A08292290DE00D05694 /* Images.swift */,
				D0446A0A292291A600D05694 /* Colors.swift */,
				D0446A152922C25100D05694 /* Fonts.swift */,
			);
			path = Utils;
			sourceTree = "<group>";
		};
		D0446A102922A4F000D05694 /* Components */ = {
			isa = PBXGroup;
			children = (
				D0446A112922A4FE00D05694 /* RestaurantTable.swift */,
				D0446A132922A88E00D05694 /* RestaurantCell.swift */,
				D0446A172922C55E00D05694 /* Badge.swift */,
			);
			path = Components;
			sourceTree = "<group>";
		};
		D0446A192922F3E600D05694 /* Service */ = {
			isa = PBXGroup;
			children = (
				D0446A2229230DE300D05694 /* Network */,
				D0446A1A2922F40D00D05694 /* RestaurantService.swift */,
			);
			path = Service;
			sourceTree = "<group>";
		};
		D0446A2229230DE300D05694 /* Network */ = {
			isa = PBXGroup;
			children = (
				D0446A202922F73100D05694 /* NetworkManager.swift */,
				D0446A1C2922F45F00D05694 /* Routable.swift */,
			);
			path = Network;
			sourceTree = "<group>";
		};
/* End PBXGroup section */

/* Begin PBXNativeTarget section */
		D04469C72922888400D05694 /* TheLittleFork */ = {
			isa = PBXNativeTarget;
			buildConfigurationList = D04469F22922889A00D05694 /* Build configuration list for PBXNativeTarget "TheLittleFork" */;
			buildPhases = (
				D0446A072922901E00D05694 /* Linter */,
				D04469C42922888400D05694 /* Sources */,
				D04469C52922888400D05694 /* Frameworks */,
				D04469C62922888400D05694 /* Resources */,
			);
			buildRules = (
			);
			dependencies = (
			);
			name = TheLittleFork;
			packageProductDependencies = (
				D04469FE29228D9700D05694 /* SketchKit */,
			);
			productName = TheLittleFork;
			productReference = D04469C82922888400D05694 /* TheLittleFork.app */;
			productType = "com.apple.product-type.application";
		};
		D04469DD2922889900D05694 /* TheLittleForkTests */ = {
			isa = PBXNativeTarget;
			buildConfigurationList = D04469F52922889A00D05694 /* Build configuration list for PBXNativeTarget "TheLittleForkTests" */;
			buildPhases = (
				D04469DA2922889900D05694 /* Sources */,
				D04469DB2922889900D05694 /* Frameworks */,
				D04469DC2922889900D05694 /* Resources */,
			);
			buildRules = (
			);
			dependencies = (
				D04469E02922889900D05694 /* PBXTargetDependency */,
			);
			name = TheLittleForkTests;
			packageProductDependencies = (
				D024DB202924366B0093CA5B /* SnapshotTesting */,
			);
			productName = TheLittleForkTests;
			productReference = D04469DE2922889900D05694 /* TheLittleForkTests.xctest */;
			productType = "com.apple.product-type.bundle.unit-test";
		};
/* End PBXNativeTarget section */

/* Begin PBXProject section */
		D04469C02922888400D05694 /* Project object */ = {
			isa = PBXProject;
			attributes = {
				BuildIndependentTargetsInParallel = 1;
				LastSwiftUpdateCheck = 1340;
				LastUpgradeCheck = 1340;
				TargetAttributes = {
					D04469C72922888400D05694 = {
						CreatedOnToolsVersion = 13.4.1;
					};
					D04469DD2922889900D05694 = {
						CreatedOnToolsVersion = 13.4.1;
						TestTargetID = D04469C72922888400D05694;
					};
				};
			};
			buildConfigurationList = D04469C32922888400D05694 /* Build configuration list for PBXProject "TheLittleFork" */;
			compatibilityVersion = "Xcode 13.0";
			developmentRegion = en;
			hasScannedForEncodings = 0;
			knownRegions = (
				en,
				Base,
			);
			mainGroup = D04469BF2922888400D05694;
			packageReferences = (
				D04469FD29228D9700D05694 /* XCRemoteSwiftPackageReference "SketchKit" */,
				D0446A0629228FF000D05694 /* XCRemoteSwiftPackageReference "SwiftLint" */,
				D024DB1F2924366B0093CA5B /* XCRemoteSwiftPackageReference "swift-snapshot-testing" */,
			);
			productRefGroup = D04469C92922888400D05694 /* Products */;
			projectDirPath = "";
			projectRoot = "";
			targets = (
				D04469C72922888400D05694 /* TheLittleFork */,
				D04469DD2922889900D05694 /* TheLittleForkTests */,
			);
		};
/* End PBXProject section */

/* Begin PBXResourcesBuildPhase section */
		D04469C62922888400D05694 /* Resources */ = {
			isa = PBXResourcesBuildPhase;
			buildActionMask = 2147483647;
			files = (
				D04469D82922889200D05694 /* LaunchScreen.storyboard in Resources */,
				D04469D52922889200D05694 /* Assets.xcassets in Resources */,
			);
			runOnlyForDeploymentPostprocessing = 0;
		};
		D04469DC2922889900D05694 /* Resources */ = {
			isa = PBXResourcesBuildPhase;
			buildActionMask = 2147483647;
			files = (
			);
			runOnlyForDeploymentPostprocessing = 0;
		};
/* End PBXResourcesBuildPhase section */

/* Begin PBXShellScriptBuildPhase section */
		D0446A072922901E00D05694 /* Linter */ = {
			isa = PBXShellScriptBuildPhase;
			buildActionMask = 2147483647;
			files = (
			);
			inputFileListPaths = (
			);
			inputPaths = (
			);
			name = Linter;
			outputFileListPaths = (
			);
			outputPaths = (
			);
			runOnlyForDeploymentPostprocessing = 0;
			shellPath = /bin/sh;
			shellScript = "export PATH=\"$PATH:/opt/homebrew/bin\"\nif which swiftlint > /dev/null; then\n  swiftlint --fix && swiftlint\nelse\n  echo \"warning: SwiftLint not installed, download from https://github.com/realm/SwiftLint\"\nfi\n";
		};
/* End PBXShellScriptBuildPhase section */

/* Begin PBXSourcesBuildPhase section */
		D04469C42922888400D05694 /* Sources */ = {
			isa = PBXSourcesBuildPhase;
			buildActionMask = 2147483647;
			files = (
				D0446A0529228E3D00D05694 /* ViewCodable.swift in Sources */,
				D0446A09292290DE00D05694 /* Images.swift in Sources */,
				D0446A0D2922970400D05694 /* MainViewPresenter.swift in Sources */,
				D04469D02922888400D05694 /* MainViewController.swift in Sources */,
				D0446A1D2922F45F00D05694 /* Routable.swift in Sources */,
				D0446A162922C25200D05694 /* Fonts.swift in Sources */,
				D0446A0B292291A600D05694 /* Colors.swift in Sources */,
				D0446A0129228DB900D05694 /* MainView.swift in Sources */,
				D04469CC2922888400D05694 /* AppDelegate.swift in Sources */,
				D0446A212922F73100D05694 /* NetworkManager.swift in Sources */,
				D04469CE2922888400D05694 /* SceneDelegate.swift in Sources */,
				D0446A182922C55E00D05694 /* Badge.swift in Sources */,
				D0446A142922A88E00D05694 /* RestaurantCell.swift in Sources */,
				D0446A0F2922A1DB00D05694 /* Restaurant.swift in Sources */,
				D0446A122922A4FE00D05694 /* RestaurantTable.swift in Sources */,
				D0446A1B2922F40D00D05694 /* RestaurantService.swift in Sources */,
			);
			runOnlyForDeploymentPostprocessing = 0;
		};
		D04469DA2922889900D05694 /* Sources */ = {
			isa = PBXSourcesBuildPhase;
			buildActionMask = 2147483647;
			files = (
				D024DB26292525200093CA5B /* RestaurantCellTest.swift in Sources */,
				D04469E32922889900D05694 /* BadgeTest.swift in Sources */,
			);
			runOnlyForDeploymentPostprocessing = 0;
		};
/* End PBXSourcesBuildPhase section */

/* Begin PBXTargetDependency section */
		D04469E02922889900D05694 /* PBXTargetDependency */ = {
			isa = PBXTargetDependency;
			target = D04469C72922888400D05694 /* TheLittleFork */;
			targetProxy = D04469DF2922889900D05694 /* PBXContainerItemProxy */;
		};
/* End PBXTargetDependency section */

/* Begin PBXVariantGroup section */
		D04469D62922889200D05694 /* LaunchScreen.storyboard */ = {
			isa = PBXVariantGroup;
			children = (
				D04469D72922889200D05694 /* Base */,
			);
			name = LaunchScreen.storyboard;
			sourceTree = "<group>";
		};
/* End PBXVariantGroup section */

/* Begin XCBuildConfiguration section */
		D04469F02922889A00D05694 /* Debug */ = {
			isa = XCBuildConfiguration;
			buildSettings = {
				ALWAYS_SEARCH_USER_PATHS = NO;
				CLANG_ANALYZER_NONNULL = YES;
				CLANG_ANALYZER_NUMBER_OBJECT_CONVERSION = YES_AGGRESSIVE;
				CLANG_CXX_LANGUAGE_STANDARD = "gnu++17";
				CLANG_ENABLE_MODULES = YES;
				CLANG_ENABLE_OBJC_ARC = YES;
				CLANG_ENABLE_OBJC_WEAK = YES;
				CLANG_WARN_BLOCK_CAPTURE_AUTORELEASING = YES;
				CLANG_WARN_BOOL_CONVERSION = YES;
				CLANG_WARN_COMMA = YES;
				CLANG_WARN_CONSTANT_CONVERSION = YES;
				CLANG_WARN_DEPRECATED_OBJC_IMPLEMENTATIONS = YES;
				CLANG_WARN_DIRECT_OBJC_ISA_USAGE = YES_ERROR;
				CLANG_WARN_DOCUMENTATION_COMMENTS = YES;
				CLANG_WARN_EMPTY_BODY = YES;
				CLANG_WARN_ENUM_CONVERSION = YES;
				CLANG_WARN_INFINITE_RECURSION = YES;
				CLANG_WARN_INT_CONVERSION = YES;
				CLANG_WARN_NON_LITERAL_NULL_CONVERSION = YES;
				CLANG_WARN_OBJC_IMPLICIT_RETAIN_SELF = YES;
				CLANG_WARN_OBJC_LITERAL_CONVERSION = YES;
				CLANG_WARN_OBJC_ROOT_CLASS = YES_ERROR;
				CLANG_WARN_QUOTED_INCLUDE_IN_FRAMEWORK_HEADER = YES;
				CLANG_WARN_RANGE_LOOP_ANALYSIS = YES;
				CLANG_WARN_STRICT_PROTOTYPES = YES;
				CLANG_WARN_SUSPICIOUS_MOVE = YES;
				CLANG_WARN_UNGUARDED_AVAILABILITY = YES_AGGRESSIVE;
				CLANG_WARN_UNREACHABLE_CODE = YES;
				CLANG_WARN__DUPLICATE_METHOD_MATCH = YES;
				COPY_PHASE_STRIP = NO;
				DEBUG_INFORMATION_FORMAT = dwarf;
				ENABLE_STRICT_OBJC_MSGSEND = YES;
				ENABLE_TESTABILITY = YES;
				GCC_C_LANGUAGE_STANDARD = gnu11;
				GCC_DYNAMIC_NO_PIC = NO;
				GCC_NO_COMMON_BLOCKS = YES;
				GCC_OPTIMIZATION_LEVEL = 0;
				GCC_PREPROCESSOR_DEFINITIONS = (
					"DEBUG=1",
					"$(inherited)",
				);
				GCC_WARN_64_TO_32_BIT_CONVERSION = YES;
				GCC_WARN_ABOUT_RETURN_TYPE = YES_ERROR;
				GCC_WARN_UNDECLARED_SELECTOR = YES;
				GCC_WARN_UNINITIALIZED_AUTOS = YES_AGGRESSIVE;
				GCC_WARN_UNUSED_FUNCTION = YES;
				GCC_WARN_UNUSED_VARIABLE = YES;
				IPHONEOS_DEPLOYMENT_TARGET = 13.0;
				MTL_ENABLE_DEBUG_INFO = INCLUDE_SOURCE;
				MTL_FAST_MATH = YES;
				ONLY_ACTIVE_ARCH = YES;
				SDKROOT = iphoneos;
				SWIFT_ACTIVE_COMPILATION_CONDITIONS = DEBUG;
				SWIFT_OPTIMIZATION_LEVEL = "-Onone";
			};
			name = Debug;
		};
		D04469F12922889A00D05694 /* Release */ = {
			isa = XCBuildConfiguration;
			buildSettings = {
				ALWAYS_SEARCH_USER_PATHS = NO;
				CLANG_ANALYZER_NONNULL = YES;
				CLANG_ANALYZER_NUMBER_OBJECT_CONVERSION = YES_AGGRESSIVE;
				CLANG_CXX_LANGUAGE_STANDARD = "gnu++17";
				CLANG_ENABLE_MODULES = YES;
				CLANG_ENABLE_OBJC_ARC = YES;
				CLANG_ENABLE_OBJC_WEAK = YES;
				CLANG_WARN_BLOCK_CAPTURE_AUTORELEASING = YES;
				CLANG_WARN_BOOL_CONVERSION = YES;
				CLANG_WARN_COMMA = YES;
				CLANG_WARN_CONSTANT_CONVERSION = YES;
				CLANG_WARN_DEPRECATED_OBJC_IMPLEMENTATIONS = YES;
				CLANG_WARN_DIRECT_OBJC_ISA_USAGE = YES_ERROR;
				CLANG_WARN_DOCUMENTATION_COMMENTS = YES;
				CLANG_WARN_EMPTY_BODY = YES;
				CLANG_WARN_ENUM_CONVERSION = YES;
				CLANG_WARN_INFINITE_RECURSION = YES;
				CLANG_WARN_INT_CONVERSION = YES;
				CLANG_WARN_NON_LITERAL_NULL_CONVERSION = YES;
				CLANG_WARN_OBJC_IMPLICIT_RETAIN_SELF = YES;
				CLANG_WARN_OBJC_LITERAL_CONVERSION = YES;
				CLANG_WARN_OBJC_ROOT_CLASS = YES_ERROR;
				CLANG_WARN_QUOTED_INCLUDE_IN_FRAMEWORK_HEADER = YES;
				CLANG_WARN_RANGE_LOOP_ANALYSIS = YES;
				CLANG_WARN_STRICT_PROTOTYPES = YES;
				CLANG_WARN_SUSPICIOUS_MOVE = YES;
				CLANG_WARN_UNGUARDED_AVAILABILITY = YES_AGGRESSIVE;
				CLANG_WARN_UNREACHABLE_CODE = YES;
				CLANG_WARN__DUPLICATE_METHOD_MATCH = YES;
				COPY_PHASE_STRIP = NO;
				DEBUG_INFORMATION_FORMAT = "dwarf-with-dsym";
				ENABLE_NS_ASSERTIONS = NO;
				ENABLE_STRICT_OBJC_MSGSEND = YES;
				GCC_C_LANGUAGE_STANDARD = gnu11;
				GCC_NO_COMMON_BLOCKS = YES;
				GCC_WARN_64_TO_32_BIT_CONVERSION = YES;
				GCC_WARN_ABOUT_RETURN_TYPE = YES_ERROR;
				GCC_WARN_UNDECLARED_SELECTOR = YES;
				GCC_WARN_UNINITIALIZED_AUTOS = YES_AGGRESSIVE;
				GCC_WARN_UNUSED_FUNCTION = YES;
				GCC_WARN_UNUSED_VARIABLE = YES;
				IPHONEOS_DEPLOYMENT_TARGET = 13.0;
				MTL_ENABLE_DEBUG_INFO = NO;
				MTL_FAST_MATH = YES;
				SDKROOT = iphoneos;
				SWIFT_COMPILATION_MODE = wholemodule;
				SWIFT_OPTIMIZATION_LEVEL = "-O";
				VALIDATE_PRODUCT = YES;
			};
			name = Release;
		};
		D04469F32922889A00D05694 /* Debug */ = {
			isa = XCBuildConfiguration;
			buildSettings = {
				ASSETCATALOG_COMPILER_APPICON_NAME = AppIcon;
				ASSETCATALOG_COMPILER_GLOBAL_ACCENT_COLOR_NAME = AccentColor;
				CODE_SIGN_STYLE = Automatic;
				CURRENT_PROJECT_VERSION = 1;
				GENERATE_INFOPLIST_FILE = YES;
				INFOPLIST_FILE = TheLittleFork/Info.plist;
				INFOPLIST_KEY_UIApplicationSupportsIndirectInputEvents = YES;
				INFOPLIST_KEY_UILaunchStoryboardName = LaunchScreen;
				INFOPLIST_KEY_UISupportedInterfaceOrientations_iPad = "UIInterfaceOrientationPortrait UIInterfaceOrientationPortraitUpsideDown UIInterfaceOrientationLandscapeLeft UIInterfaceOrientationLandscapeRight";
				INFOPLIST_KEY_UISupportedInterfaceOrientations_iPhone = "UIInterfaceOrientationPortrait UIInterfaceOrientationLandscapeLeft UIInterfaceOrientationLandscapeRight";
				LD_RUNPATH_SEARCH_PATHS = (
					"$(inherited)",
					"@executable_path/Frameworks",
				);
				MARKETING_VERSION = 1.0;
				PRODUCT_BUNDLE_IDENTIFIER = com.nico.mano.TheLittleFork;
				PRODUCT_NAME = "$(TARGET_NAME)";
				SWIFT_EMIT_LOC_STRINGS = YES;
				SWIFT_VERSION = 5.0;
				TARGETED_DEVICE_FAMILY = 1;
			};
			name = Debug;
		};
		D04469F42922889A00D05694 /* Release */ = {
			isa = XCBuildConfiguration;
			buildSettings = {
				ASSETCATALOG_COMPILER_APPICON_NAME = AppIcon;
				ASSETCATALOG_COMPILER_GLOBAL_ACCENT_COLOR_NAME = AccentColor;
				CODE_SIGN_STYLE = Automatic;
				CURRENT_PROJECT_VERSION = 1;
				GENERATE_INFOPLIST_FILE = YES;
				INFOPLIST_FILE = TheLittleFork/Info.plist;
				INFOPLIST_KEY_UIApplicationSupportsIndirectInputEvents = YES;
				INFOPLIST_KEY_UILaunchStoryboardName = LaunchScreen;
				INFOPLIST_KEY_UISupportedInterfaceOrientations_iPad = "UIInterfaceOrientationPortrait UIInterfaceOrientationPortraitUpsideDown UIInterfaceOrientationLandscapeLeft UIInterfaceOrientationLandscapeRight";
				INFOPLIST_KEY_UISupportedInterfaceOrientations_iPhone = "UIInterfaceOrientationPortrait UIInterfaceOrientationLandscapeLeft UIInterfaceOrientationLandscapeRight";
				LD_RUNPATH_SEARCH_PATHS = (
					"$(inherited)",
					"@executable_path/Frameworks",
				);
				MARKETING_VERSION = 1.0;
				PRODUCT_BUNDLE_IDENTIFIER = com.nico.mano.TheLittleFork;
				PRODUCT_NAME = "$(TARGET_NAME)";
				SWIFT_EMIT_LOC_STRINGS = YES;
				SWIFT_VERSION = 5.0;
				TARGETED_DEVICE_FAMILY = 1;
			};
			name = Release;
		};
		D04469F62922889A00D05694 /* Debug */ = {
			isa = XCBuildConfiguration;
			buildSettings = {
				ALWAYS_EMBED_SWIFT_STANDARD_LIBRARIES = YES;
				BUNDLE_LOADER = "$(TEST_HOST)";
				CODE_SIGN_STYLE = Automatic;
				CURRENT_PROJECT_VERSION = 1;
				GENERATE_INFOPLIST_FILE = YES;
				IPHONEOS_DEPLOYMENT_TARGET = 13.0;
				MARKETING_VERSION = 1.0;
				PRODUCT_BUNDLE_IDENTIFIER = com.nico.mano.TheLittleForkTests;
				PRODUCT_NAME = "$(TARGET_NAME)";
				SWIFT_EMIT_LOC_STRINGS = NO;
				SWIFT_VERSION = 5.0;
				TARGETED_DEVICE_FAMILY = "1,2";
				TEST_HOST = "$(BUILT_PRODUCTS_DIR)/TheLittleFork.app/TheLittleFork";
			};
			name = Debug;
		};
		D04469F72922889A00D05694 /* Release */ = {
			isa = XCBuildConfiguration;
			buildSettings = {
				ALWAYS_EMBED_SWIFT_STANDARD_LIBRARIES = YES;
				BUNDLE_LOADER = "$(TEST_HOST)";
				CODE_SIGN_STYLE = Automatic;
				CURRENT_PROJECT_VERSION = 1;
				GENERATE_INFOPLIST_FILE = YES;
				IPHONEOS_DEPLOYMENT_TARGET = 13.0;
				MARKETING_VERSION = 1.0;
				PRODUCT_BUNDLE_IDENTIFIER = com.nico.mano.TheLittleForkTests;
				PRODUCT_NAME = "$(TARGET_NAME)";
				SWIFT_EMIT_LOC_STRINGS = NO;
				SWIFT_VERSION = 5.0;
				TARGETED_DEVICE_FAMILY = "1,2";
				TEST_HOST = "$(BUILT_PRODUCTS_DIR)/TheLittleFork.app/TheLittleFork";
			};
			name = Release;
		};
/* End XCBuildConfiguration section */

/* Begin XCConfigurationList section */
		D04469C32922888400D05694 /* Build configuration list for PBXProject "TheLittleFork" */ = {
			isa = XCConfigurationList;
			buildConfigurations = (
				D04469F02922889A00D05694 /* Debug */,
				D04469F12922889A00D05694 /* Release */,
			);
			defaultConfigurationIsVisible = 0;
			defaultConfigurationName = Release;
		};
		D04469F22922889A00D05694 /* Build configuration list for PBXNativeTarget "TheLittleFork" */ = {
			isa = XCConfigurationList;
			buildConfigurations = (
				D04469F32922889A00D05694 /* Debug */,
				D04469F42922889A00D05694 /* Release */,
			);
			defaultConfigurationIsVisible = 0;
			defaultConfigurationName = Release;
		};
		D04469F52922889A00D05694 /* Build configuration list for PBXNativeTarget "TheLittleForkTests" */ = {
			isa = XCConfigurationList;
			buildConfigurations = (
				D04469F62922889A00D05694 /* Debug */,
				D04469F72922889A00D05694 /* Release */,
			);
			defaultConfigurationIsVisible = 0;
			defaultConfigurationName = Release;
		};
/* End XCConfigurationList section */

/* Begin XCRemoteSwiftPackageReference section */
		D024DB1F2924366B0093CA5B /* XCRemoteSwiftPackageReference "swift-snapshot-testing" */ = {
			isa = XCRemoteSwiftPackageReference;
			repositoryURL = "https://github.com/pointfreeco/swift-snapshot-testing.git";
			requirement = {
				branch = main;
				kind = branch;
			};
		};
		D04469FD29228D9700D05694 /* XCRemoteSwiftPackageReference "SketchKit" */ = {
			isa = XCRemoteSwiftPackageReference;
			repositoryURL = "https://github.com/dogo/SketchKit";
			requirement = {
				branch = develop;
				kind = branch;
			};
		};
		D0446A0629228FF000D05694 /* XCRemoteSwiftPackageReference "SwiftLint" */ = {
			isa = XCRemoteSwiftPackageReference;
			repositoryURL = "https://github.com/realm/SwiftLint.git";
			requirement = {
				branch = main;
				kind = branch;
			};
		};
/* End XCRemoteSwiftPackageReference section */

/* Begin XCSwiftPackageProductDependency section */
		D024DB202924366B0093CA5B /* SnapshotTesting */ = {
			isa = XCSwiftPackageProductDependency;
			package = D024DB1F2924366B0093CA5B /* XCRemoteSwiftPackageReference "swift-snapshot-testing" */;
			productName = SnapshotTesting;
		};
		D04469FE29228D9700D05694 /* SketchKit */ = {
			isa = XCSwiftPackageProductDependency;
			package = D04469FD29228D9700D05694 /* XCRemoteSwiftPackageReference "SketchKit" */;
			productName = SketchKit;
		};
/* End XCSwiftPackageProductDependency section */
	};
	rootObject = D04469C02922888400D05694 /* Project object */;
}
